{
  "pins" : [
    {
      "identity" : "llama.cpp",
      "kind" : "remoteSourceControl",
      "location" : "https://github.com/jaredcassoutt/llama.cpp",
      "state" : {
        "branch" : "c8b743c",
        "revision" : "c8b743c709c3e96ed1e456132f7ea0f93c03ebbf"
      }
    }
  ],
  "version" : 2
}
